
Microsoft Visual Studio Solution File, Format Version 12.00
# Visual Studio Version 16
VisualStudioVersion = 16.0.28803.156
MinimumVisualStudioVersion = 10.0.40219.1
Project("{9A19103F-16F7-4668-BE54-9A1E7A4F7556}") = "BookInspector.Data", "BookInspector.DATA\BookInspector.Data.csproj", "{4D293550-337C-457C-9E42-D46BEAB783D9}"
EndProject
Project("{9A19103F-16F7-4668-BE54-9A1E7A4F7556}") = "BookInspector.Console", "BookInspector.Console\BookInspector.Console.csproj", "{CC5CF620-3C88-4C3D-A635-DBA65951ADA9}"
EndProject
Project("{9A19103F-16F7-4668-BE54-9A1E7A4F7556}") = "BookInspector.Services", "BookInspector.Services\BookInspector.Services.csproj", "{C8192377-7968-4706-996A-72A86DCFE277}"
EndProject
Project("{9A19103F-16F7-4668-BE54-9A1E7A4F7556}") = "BookInspector.Tests", "Tests\BookInspector.Tests.csproj", "{87326C7C-2BD2-4560-B0F8-526B229776D0}"
EndProject
Project("{FAE04EC0-301F-11D3-BF4B-00C04F79EFBC}") = "BookInspector.Web", "BookInspector.Web\BookInspector.Web.csproj", "{83117233-6E03-47CB-A603-70EC0015D11E}"
EndProject
Global
	GlobalSection(SolutionConfigurationPlatforms) = preSolution
		Debug|Any CPU = Debug|Any CPU
		Release|Any CPU = Release|Any CPU
	EndGlobalSection
	GlobalSection(ProjectConfigurationPlatforms) = postSolution
		{4D293550-337C-457C-9E42-D46BEAB783D9}.Debug|Any CPU.ActiveCfg = Debug|Any CPU
		{4D293550-337C-457C-9E42-D46BEAB783D9}.Debug|Any CPU.Build.0 = Debug|Any CPU
		{4D293550-337C-457C-9E42-D46BEAB783D9}.Release|Any CPU.ActiveCfg = Release|Any CPU
		{4D293550-337C-457C-9E42-D46BEAB783D9}.Release|Any CPU.Build.0 = Release|Any CPU
		{CC5CF620-3C88-4C3D-A635-DBA65951ADA9}.Debug|Any CPU.ActiveCfg = Debug|Any CPU
		{CC5CF620-3C88-4C3D-A635-DBA65951ADA9}.Debug|Any CPU.Build.0 = Debug|Any CPU
		{CC5CF620-3C88-4C3D-A635-DBA65951ADA9}.Release|Any CPU.ActiveCfg = Release|Any CPU
		{CC5CF620-3C88-4C3D-A635-DBA65951ADA9}.Release|Any CPU.Build.0 = Release|Any CPU
		{C8192377-7968-4706-996A-72A86DCFE277}.Debug|Any CPU.ActiveCfg = Debug|Any CPU
		{C8192377-7968-4706-996A-72A86DCFE277}.Debug|Any CPU.Build.0 = Debug|Any CPU
		{C8192377-7968-4706-996A-72A86DCFE277}.Release|Any CPU.ActiveCfg = Release|Any CPU
		{C8192377-7968-4706-996A-72A86DCFE277}.Release|Any CPU.Build.0 = Release|Any CPU
		{87326C7C-2BD2-4560-B0F8-526B229776D0}.Debug|Any CPU.ActiveCfg = Debug|Any CPU
		{87326C7C-2BD2-4560-B0F8-526B229776D0}.Debug|Any CPU.Build.0 = Debug|Any CPU
		{87326C7C-2BD2-4560-B0F8-526B229776D0}.Release|Any CPU.ActiveCfg = Release|Any CPU
		{87326C7C-2BD2-4560-B0F8-526B229776D0}.Release|Any CPU.Build.0 = Release|Any CPU
		{83117233-6E03-47CB-A603-70EC0015D11E}.Debug|Any CPU.ActiveCfg = Debug|Any CPU
		{83117233-6E03-47CB-A603-70EC0015D11E}.Debug|Any CPU.Build.0 = Debug|Any CPU
		{83117233-6E03-47CB-A603-70EC0015D11E}.Release|Any CPU.ActiveCfg = Release|Any CPU
		{83117233-6E03-47CB-A603-70EC0015D11E}.Release|Any CPU.Build.0 = Release|Any CPU
	EndGlobalSection
	GlobalSection(SolutionProperties) = preSolution
		HideSolutionNode = FALSE
	EndGlobalSection
	GlobalSection(ExtensibilityGlobals) = postSolution
		SolutionGuid = {81683327-17CE-4D06-8F5F-4890BB63661F}
	EndGlobalSection
EndGlobal
