
Microsoft Visual Studio Solution File, Format Version 12.00
# Visual Studio Version 16
VisualStudioVersion = 16.0.28803.156
MinimumVisualStudioVersion = 10.0.40219.1
Project("{FAE04EC0-301F-11D3-BF4B-00C04F79EFBC}") = "BookInspector", "BookInspector\BookInspector.csproj", "{DB5EE001-3C58-4E2D-99A1-43D3D672623B}"
EndProject
Global
	GlobalSection(SolutionConfigurationPlatforms) = preSolution
		Debug|Any CPU = Debug|Any CPU
		Release|Any CPU = Release|Any CPU
	EndGlobalSection
	GlobalSection(ProjectConfigurationPlatforms) = postSolution
		{DB5EE001-3C58-4E2D-99A1-43D3D672623B}.Debug|Any CPU.ActiveCfg = Debug|Any CPU
		{DB5EE001-3C58-4E2D-99A1-43D3D672623B}.Debug|Any CPU.Build.0 = Debug|Any CPU
		{DB5EE001-3C58-4E2D-99A1-43D3D672623B}.Release|Any CPU.ActiveCfg = Release|Any CPU
		{DB5EE001-3C58-4E2D-99A1-43D3D672623B}.Release|Any CPU.Build.0 = Release|Any CPU
	EndGlobalSection
	GlobalSection(SolutionProperties) = preSolution
		HideSolutionNode = FALSE
	EndGlobalSection
	GlobalSection(ExtensibilityGlobals) = postSolution
		SolutionGuid = {C4CE261B-8CE1-4870-9A2F-22D8E79B8470}
	EndGlobalSection
EndGlobal
