
Microsoft Visual Studio Solution File, Format Version 12.00
# Visual Studio 15
VisualStudioVersion = 15.0.28307.539
MinimumVisualStudioVersion = 10.0.40219.1
Project("{9A19103F-16F7-4668-BE54-9A1E7A4F7556}") = "BookInspector", "BookInspector\BookInspector.csproj", "{22AAD121-4C4A-4CA9-92F2-B271C79014DD}"
EndProject
Project("{9A19103F-16F7-4668-BE54-9A1E7A4F7556}") = "BookInspector.DATA", "BookInspector.DATA\BookInspector.DATA.csproj", "{3C2D36AB-B3AA-4703-82AF-36B45418E332}"
EndProject
Project("{9A19103F-16F7-4668-BE54-9A1E7A4F7556}") = "BookInspector.SERVICES", "BookInspector.SERVICES\BookInspector.SERVICES.csproj", "{828E102E-4789-453B-BB43-C29CBD8ED603}"
EndProject
Project("{FAE04EC0-301F-11D3-BF4B-00C04F79EFBC}") = "BookInspector.Services.Tests", "BookInspector.Tests\BookInspector.Services.Tests.csproj", "{D3DD21D6-EBF3-40B5-88AB-BDABB7606D4F}"
EndProject
Global
	GlobalSection(SolutionConfigurationPlatforms) = preSolution
		Debug|Any CPU = Debug|Any CPU
		Release|Any CPU = Release|Any CPU
	EndGlobalSection
	GlobalSection(ProjectConfigurationPlatforms) = postSolution
		{22AAD121-4C4A-4CA9-92F2-B271C79014DD}.Debug|Any CPU.ActiveCfg = Debug|Any CPU
		{22AAD121-4C4A-4CA9-92F2-B271C79014DD}.Debug|Any CPU.Build.0 = Debug|Any CPU
		{22AAD121-4C4A-4CA9-92F2-B271C79014DD}.Release|Any CPU.ActiveCfg = Release|Any CPU
		{22AAD121-4C4A-4CA9-92F2-B271C79014DD}.Release|Any CPU.Build.0 = Release|Any CPU
		{3C2D36AB-B3AA-4703-82AF-36B45418E332}.Debug|Any CPU.ActiveCfg = Debug|Any CPU
		{3C2D36AB-B3AA-4703-82AF-36B45418E332}.Debug|Any CPU.Build.0 = Debug|Any CPU
		{3C2D36AB-B3AA-4703-82AF-36B45418E332}.Release|Any CPU.ActiveCfg = Release|Any CPU
		{3C2D36AB-B3AA-4703-82AF-36B45418E332}.Release|Any CPU.Build.0 = Release|Any CPU
		{828E102E-4789-453B-BB43-C29CBD8ED603}.Debug|Any CPU.ActiveCfg = Debug|Any CPU
		{828E102E-4789-453B-BB43-C29CBD8ED603}.Debug|Any CPU.Build.0 = Debug|Any CPU
		{828E102E-4789-453B-BB43-C29CBD8ED603}.Release|Any CPU.ActiveCfg = Release|Any CPU
		{828E102E-4789-453B-BB43-C29CBD8ED603}.Release|Any CPU.Build.0 = Release|Any CPU
		{D3DD21D6-EBF3-40B5-88AB-BDABB7606D4F}.Debug|Any CPU.ActiveCfg = Debug|Any CPU
		{D3DD21D6-EBF3-40B5-88AB-BDABB7606D4F}.Debug|Any CPU.Build.0 = Debug|Any CPU
		{D3DD21D6-EBF3-40B5-88AB-BDABB7606D4F}.Release|Any CPU.ActiveCfg = Release|Any CPU
		{D3DD21D6-EBF3-40B5-88AB-BDABB7606D4F}.Release|Any CPU.Build.0 = Release|Any CPU
	EndGlobalSection
	GlobalSection(SolutionProperties) = preSolution
		HideSolutionNode = FALSE
	EndGlobalSection
	GlobalSection(ExtensibilityGlobals) = postSolution
		SolutionGuid = {7AD512C7-80AD-4254-8ACB-78F7144001F3}
	EndGlobalSection
EndGlobal
